
Microsoft Visual Studio Solution File, Format Version 12.00
# Visual Studio Version 17
VisualStudioVersion = 17.6.33801.468
MinimumVisualStudioVersion = 10.0.40219.1
Project("{9A19103F-16F7-4668-BE54-9A1E7A4F7556}") = "Web", "Web\Web.csproj", "{8B90F3BA-3C8C-4BA8-9864-856E0D12B9A8}"
EndProject
Project("{9A19103F-16F7-4668-BE54-9A1E7A4F7556}") = "Telegram", "Telegram\Telegram.csproj", "{FF0CD200-F481-49CC-9353-3A6836180507}"
EndProject
Project("{FAE04EC0-301F-11D3-BF4B-00C04F79EFBC}") = "DataConnection", "DataConnection\DataConnection.csproj", "{9431B0B3-3924-49FC-B6F4-5D888BB2809B}"
EndProject
Global
	GlobalSection(SolutionConfigurationPlatforms) = preSolution
		Debug|Any CPU = Debug|Any CPU
		Release|Any CPU = Release|Any CPU
	EndGlobalSection
	GlobalSection(ProjectConfigurationPlatforms) = postSolution
		{8B90F3BA-3C8C-4BA8-9864-856E0D12B9A8}.Debug|Any CPU.ActiveCfg = Debug|Any CPU
		{8B90F3BA-3C8C-4BA8-9864-856E0D12B9A8}.Debug|Any CPU.Build.0 = Debug|Any CPU
		{8B90F3BA-3C8C-4BA8-9864-856E0D12B9A8}.Release|Any CPU.ActiveCfg = Release|Any CPU
		{8B90F3BA-3C8C-4BA8-9864-856E0D12B9A8}.Release|Any CPU.Build.0 = Release|Any CPU
		{FF0CD200-F481-49CC-9353-3A6836180507}.Debug|Any CPU.ActiveCfg = Debug|Any CPU
		{FF0CD200-F481-49CC-9353-3A6836180507}.Debug|Any CPU.Build.0 = Debug|Any CPU
		{FF0CD200-F481-49CC-9353-3A6836180507}.Release|Any CPU.ActiveCfg = Release|Any CPU
		{FF0CD200-F481-49CC-9353-3A6836180507}.Release|Any CPU.Build.0 = Release|Any CPU
		{9431B0B3-3924-49FC-B6F4-5D888BB2809B}.Debug|Any CPU.ActiveCfg = Debug|Any CPU
		{9431B0B3-3924-49FC-B6F4-5D888BB2809B}.Debug|Any CPU.Build.0 = Debug|Any CPU
		{9431B0B3-3924-49FC-B6F4-5D888BB2809B}.Release|Any CPU.ActiveCfg = Release|Any CPU
		{9431B0B3-3924-49FC-B6F4-5D888BB2809B}.Release|Any CPU.Build.0 = Release|Any CPU
	EndGlobalSection
	GlobalSection(SolutionProperties) = preSolution
		HideSolutionNode = FALSE
	EndGlobalSection
	GlobalSection(ExtensibilityGlobals) = postSolution
		SolutionGuid = {CBB47122-48A5-46B5-BD10-69A48B178DC1}
	EndGlobalSection
EndGlobal
